{
    "_meta": {
        "hash": {
            "sha256": "1f1c2a9165af0df6470c1aec97968bf496e62b482788ea7708b42651c8b138a2"
        },
        "pipfile-spec": 6,
        "requires": {
            "python_version": "3.8"
        },
        "sources": [
            {
                "name": "pypi",
                "url": "https://pypi.org/simple",
                "verify_ssl": true
            }
        ]
    },
    "default": {
        "ftfy": {
            "hashes": [
                "sha256:67f9c8b33a4b742376a3eda11b0e3bd5c0cbe719d95ea0bfd3736a7bdd1c24c8"
            ],
            "index": "pypi",
            "version": "==5.7"
        },
        "wcwidth": {
            "hashes": [
                "sha256:cafe2186b3c009a04067022ce1dcd79cb38d8d65ee4f4791b8888d6599d1bbe1",
                "sha256:ee73862862a156bf77ff92b09034fc4825dd3af9cf81bc5b360668d425f3c5f1"
            ],
            "version": "==0.1.9"
        }
    },
    "develop": {}
}
